<?xml version="1.0" encoding="utf-8"?>
<Project ToolsVersion="4.0" xmlns="http://schemas.microsoft.com/developer/msbuild/2003">
  <ItemGroup>
    <Filter Include="nut">
      <UniqueIdentifier>{93995380-89BD-4b04-88EB-625FBE52EBFB}</UniqueIdentifier>
      <Extensions>h;hh;hpp;hxx;hm;inl;inc;xsd</Extensions>
    </Filter>
    <Filter Include="nut\container">
      <UniqueIdentifier>{35805cfb-1e41-4c2a-93c4-93130c63ad83}</UniqueIdentifier>
    </Filter>
    <Filter Include="nut\container\skiplist">
      <UniqueIdentifier>{b848b37c-e447-472f-93ba-db58626e3bbc}</UniqueIdentifier>
    </Filter>
    <Filter Include="nut\container\tree">
      <UniqueIdentifier>{99119a9d-8bdb-4e96-911c-92fc2ec922cd}</UniqueIdentifier>
    </Filter>
    <Filter Include="nut\container\tree\rtree">
      <UniqueIdentifier>{e5fafa5a-7337-47e4-91a5-fef1e5981a79}</UniqueIdentifier>
    </Filter>
    <Filter Include="nut\debugging">
      <UniqueIdentifier>{18d2d446-f7fa-462e-8ed4-ee7409dd05d9}</UniqueIdentifier>
    </Filter>
    <Filter Include="nut\logging">
      <UniqueIdentifier>{8c4f00be-c8bb-49dd-b308-c2d0bdbbcff1}</UniqueIdentifier>
    </Filter>
    <Filter Include="nut\mem">
      <UniqueIdentifier>{680920be-ce1e-40c8-aafb-f937c19bb4bb}</UniqueIdentifier>
    </Filter>
    <Filter Include="nut\memtool">
      <UniqueIdentifier>{c35495e4-3b96-4a4f-8703-d92dc4bdf25f}</UniqueIdentifier>
    </Filter>
    <Filter Include="nut\numeric">
      <UniqueIdentifier>{2077f071-1e22-4224-a162-62c4a945f7fa}</UniqueIdentifier>
    </Filter>
    <Filter Include="nut\pconsole">
      <UniqueIdentifier>{ed354856-9424-48fe-a57d-5e5abb8f3501}</UniqueIdentifier>
    </Filter>
    <Filter Include="nut\platform">
      <UniqueIdentifier>{088efa22-db0d-456f-b96f-1bc7d9e39e24}</UniqueIdentifier>
    </Filter>
    <Filter Include="nut\rc">
      <UniqueIdentifier>{52bcda03-bc59-4994-9566-96dcadb30236}</UniqueIdentifier>
    </Filter>
    <Filter Include="nut\security">
      <UniqueIdentifier>{33183e34-c245-4366-985c-e8bad17f6d41}</UniqueIdentifier>
    </Filter>
    <Filter Include="nut\threading">
      <UniqueIdentifier>{2f94520d-dae2-4716-b10f-0ac478f5f63a}</UniqueIdentifier>
    </Filter>
    <Filter Include="nut\unittest">
      <UniqueIdentifier>{e0f8cda0-9935-4c64-a477-d21f59a7cdb3}</UniqueIdentifier>
    </Filter>
    <Filter Include="nut\util">
      <UniqueIdentifier>{90c04571-26da-4d2c-8aef-1ec7298b652e}</UniqueIdentifier>
    </Filter>
    <Filter Include="nut\util\sqlite3helper">
      <UniqueIdentifier>{de09a3cb-a2b8-4546-b251-6f715e4ca5fb}</UniqueIdentifier>
    </Filter>
    <Filter Include="nut\util\string">
      <UniqueIdentifier>{05d54796-9ea5-4817-8dbe-faf7ad173277}</UniqueIdentifier>
    </Filter>
    <Filter Include="nut\util\time">
      <UniqueIdentifier>{8e339d01-3aa8-4bca-b122-31c807b6e711}</UniqueIdentifier>
    </Filter>
    <Filter Include="nut\util\txtcfg">
      <UniqueIdentifier>{88f77c49-0aa7-4cab-9c0a-39f87a5bebd6}</UniqueIdentifier>
    </Filter>
    <Filter Include="nut\util\txtcfg\xml">
      <UniqueIdentifier>{6e865c0b-d30f-4691-b90c-9d54b5c28260}</UniqueIdentifier>
    </Filter>
    <Filter Include="nut\threading\lockfree">
      <UniqueIdentifier>{83370ae0-1768-45f3-ab60-d848a1477b5f}</UniqueIdentifier>
    </Filter>
    <Filter Include="nut\threading\sync">
      <UniqueIdentifier>{2d236ed0-eb48-4747-9a8d-f0cd586a8c3d}</UniqueIdentifier>
    </Filter>
    <Filter Include="nut\security\digest">
      <UniqueIdentifier>{b40c1f15-af4c-40fa-b989-8e832a61a576}</UniqueIdentifier>
    </Filter>
    <Filter Include="nut\security\encrypt">
      <UniqueIdentifier>{a5347055-7fe5-4dbc-9117-d1e1e50bd417}</UniqueIdentifier>
    </Filter>
    <Filter Include="nut\numeric\numeric_algo">
      <UniqueIdentifier>{9611da48-8e87-484f-bba4-1e1c17f77081}</UniqueIdentifier>
    </Filter>
  </ItemGroup>
  <ItemGroup>
    <ClInclude Include="..\..\..\src\nut\container\tree\rtree\mdarea.h">
      <Filter>nut\container\tree\rtree</Filter>
    </ClInclude>
    <ClInclude Include="..\..\..\src\nut\container\tree\rtree\rtree.h">
      <Filter>nut\container\tree\rtree</Filter>
    </ClInclude>
    <ClInclude Include="..\..\..\src\nut\container\tree\bstree.h">
      <Filter>nut\container\tree</Filter>
    </ClInclude>
    <ClInclude Include="..\..\..\src\nut\container\tree\btree.h">
      <Filter>nut\container\tree</Filter>
    </ClInclude>
    <ClInclude Include="..\..\..\src\nut\container\tree\rbtree.h">
      <Filter>nut\container\tree</Filter>
    </ClInclude>
    <ClInclude Include="..\..\..\src\nut\container\skiplist\skiplist.h">
      <Filter>nut\container\skiplist</Filter>
    </ClInclude>
    <ClInclude Include="..\..\..\src\nut\container\skiplist\skiplist_map.h">
      <Filter>nut\container\skiplist</Filter>
    </ClInclude>
    <ClInclude Include="..\..\..\src\nut\container\skiplist\skiplist_set.h">
      <Filter>nut\container\skiplist</Filter>
    </ClInclude>
    <ClInclude Include="..\..\..\src\nut\container\array.h">
      <Filter>nut\container</Filter>
    </ClInclude>
    <ClInclude Include="..\..\..\src\nut\container\bit_stream.h">
      <Filter>nut\container</Filter>
    </ClInclude>
    <ClInclude Include="..\..\..\src\nut\container\bundle.h">
      <Filter>nut\container</Filter>
    </ClInclude>
    <ClInclude Include="..\..\..\src\nut\container\byte_array.h">
      <Filter>nut\container</Filter>
    </ClInclude>
    <ClInclude Include="..\..\..\src\nut\container\byte_array_stream.h">
      <Filter>nut\container</Filter>
    </ClInclude>
    <ClInclude Include="..\..\..\src\nut\container\lru_cache.h">
      <Filter>nut\container</Filter>
    </ClInclude>
    <ClInclude Include="..\..\..\src\nut\container\lru_data_cache.h">
      <Filter>nut\container</Filter>
    </ClInclude>
    <ClInclude Include="..\..\..\src\nut\container\tuple.h">
      <Filter>nut\container</Filter>
    </ClInclude>
    <ClInclude Include="..\..\..\src\nut\debugging\addr_map_mgr.h">
      <Filter>nut\debugging</Filter>
    </ClInclude>
    <ClInclude Include="..\..\..\src\nut\debugging\backtrace.h">
      <Filter>nut\debugging</Filter>
    </ClInclude>
    <ClInclude Include="..\..\..\src\nut\debugging\destroy_checker.h">
      <Filter>nut\debugging</Filter>
    </ClInclude>
    <ClInclude Include="..\..\..\src\nut\debugging\exception.h">
      <Filter>nut\debugging</Filter>
    </ClInclude>
    <ClInclude Include="..\..\..\src\nut\debugging\source_location.h">
      <Filter>nut\debugging</Filter>
    </ClInclude>
    <ClInclude Include="..\..\..\src\nut\logging\log_filter.h">
      <Filter>nut\logging</Filter>
    </ClInclude>
    <ClInclude Include="..\..\..\src\nut\logging\log_handler.h">
      <Filter>nut\logging</Filter>
    </ClInclude>
    <ClInclude Include="..\..\..\src\nut\logging\log_level.h">
      <Filter>nut\logging</Filter>
    </ClInclude>
    <ClInclude Include="..\..\..\src\nut\logging\log_manager.h">
      <Filter>nut\logging</Filter>
    </ClInclude>
    <ClInclude Include="..\..\..\src\nut\logging\log_path.h">
      <Filter>nut\logging</Filter>
    </ClInclude>
    <ClInclude Include="..\..\..\src\nut\logging\log_record.h">
      <Filter>nut\logging</Filter>
    </ClInclude>
    <ClInclude Include="..\..\..\src\nut\logging\logger.h">
      <Filter>nut\logging</Filter>
    </ClInclude>
    <ClInclude Include="..\..\..\src\nut\logging\macros.h">
      <Filter>nut\logging</Filter>
    </ClInclude>
    <ClInclude Include="..\..\..\src\nut\mem\lengthfixed_mp.h">
      <Filter>nut\mem</Filter>
    </ClInclude>
    <ClInclude Include="..\..\..\src\nut\mem\memory_allocator.h">
      <Filter>nut\mem</Filter>
    </ClInclude>
    <ClInclude Include="..\..\..\src\nut\mem\scoped_gc.h">
      <Filter>nut\mem</Filter>
    </ClInclude>
    <ClInclude Include="..\..\..\src\nut\mem\sys_ma.h">
      <Filter>nut\mem</Filter>
    </ClInclude>
    <ClInclude Include="..\..\..\src\nut\memtool\free_guard.h">
      <Filter>nut\memtool</Filter>
    </ClInclude>
    <ClInclude Include="..\..\..\src\nut\memtool\ptr.h">
      <Filter>nut\memtool</Filter>
    </ClInclude>
    <ClInclude Include="..\..\..\src\nut\memtool\singleton.h">
      <Filter>nut\memtool</Filter>
    </ClInclude>
    <ClInclude Include="..\..\..\src\nut\util\txtcfg\xml\element_handler.h">
      <Filter>nut\util\txtcfg\xml</Filter>
    </ClInclude>
    <ClInclude Include="..\..\..\src\nut\util\txtcfg\xml\string_writer.h">
      <Filter>nut\util\txtcfg\xml</Filter>
    </ClInclude>
    <ClInclude Include="..\..\..\src\nut\util\txtcfg\xml\xml_dom.h">
      <Filter>nut\util\txtcfg\xml</Filter>
    </ClInclude>
    <ClInclude Include="..\..\..\src\nut\util\txtcfg\xml\xml_element.h">
      <Filter>nut\util\txtcfg\xml</Filter>
    </ClInclude>
    <ClInclude Include="..\..\..\src\nut\util\txtcfg\xml\xml_parser.h">
      <Filter>nut\util\txtcfg\xml</Filter>
    </ClInclude>
    <ClInclude Include="..\..\..\src\nut\util\txtcfg\xml\xml_writer.h">
      <Filter>nut\util\txtcfg\xml</Filter>
    </ClInclude>
    <ClInclude Include="..\..\..\src\nut\util\txtcfg\ini_dom.h">
      <Filter>nut\util\txtcfg</Filter>
    </ClInclude>
    <ClInclude Include="..\..\..\src\nut\util\txtcfg\property_dom.h">
      <Filter>nut\util\txtcfg</Filter>
    </ClInclude>
    <ClInclude Include="..\..\..\src\nut\util\txtcfg\txt_file.h">
      <Filter>nut\util\txtcfg</Filter>
    </ClInclude>
    <ClInclude Include="..\..\..\src\nut\util\time\date_time.h">
      <Filter>nut\util\time</Filter>
    </ClInclude>
    <ClInclude Include="..\..\..\src\nut\util\time\time_val.h">
      <Filter>nut\util\time</Filter>
    </ClInclude>
    <ClInclude Include="..\..\..\src\nut\util\time\timer_manager.h">
      <Filter>nut\util\time</Filter>
    </ClInclude>
    <ClInclude Include="..\..\..\src\nut\util\string\kmp.h">
      <Filter>nut\util\string</Filter>
    </ClInclude>
    <ClInclude Include="..\..\..\src\nut\util\string\string_util.h">
      <Filter>nut\util\string</Filter>
    </ClInclude>
    <ClInclude Include="..\..\..\src\nut\util\string\to_string.h">
      <Filter>nut\util\string</Filter>
    </ClInclude>
    <ClInclude Include="..\..\..\src\nut\util\sqlite3helper\connection.h">
      <Filter>nut\util\sqlite3helper</Filter>
    </ClInclude>
    <ClInclude Include="..\..\..\src\nut\util\sqlite3helper\prepared_statement.h">
      <Filter>nut\util\sqlite3helper</Filter>
    </ClInclude>
    <ClInclude Include="..\..\..\src\nut\util\sqlite3helper\result_set.h">
      <Filter>nut\util\sqlite3helper</Filter>
    </ClInclude>
    <ClInclude Include="..\..\..\src\nut\util\sqlite3helper\wrapers.h">
      <Filter>nut\util\sqlite3helper</Filter>
    </ClInclude>
    <ClInclude Include="..\..\..\src\nut\util\console_util.h">
      <Filter>nut\util</Filter>
    </ClInclude>
    <ClInclude Include="..\..\..\src\nut\util\delegate.h">
      <Filter>nut\util</Filter>
    </ClInclude>
    <ClInclude Include="..\..\..\src\nut\unittest\console_test_logger.h">
      <Filter>nut\unittest</Filter>
    </ClInclude>
    <ClInclude Include="..\..\..\src\nut\unittest\stream_test_logger.h">
      <Filter>nut\unittest</Filter>
    </ClInclude>
    <ClInclude Include="..\..\..\src\nut\unittest\testcase_failure_exception.h">
      <Filter>nut\unittest</Filter>
    </ClInclude>
    <ClInclude Include="..\..\..\src\nut\unittest\testfixture.h">
      <Filter>nut\unittest</Filter>
    </ClInclude>
    <ClInclude Include="..\..\..\src\nut\unittest\testlogger.h">
      <Filter>nut\unittest</Filter>
    </ClInclude>
    <ClInclude Include="..\..\..\src\nut\unittest\testregister.h">
      <Filter>nut\unittest</Filter>
    </ClInclude>
    <ClInclude Include="..\..\..\src\nut\unittest\testrunner.h">
      <Filter>nut\unittest</Filter>
    </ClInclude>
    <ClInclude Include="..\..\..\src\nut\unittest\unittest.h">
      <Filter>nut\unittest</Filter>
    </ClInclude>
    <ClInclude Include="..\..\..\src\nut\threading\lockfree\atomic.h">
      <Filter>nut\threading\lockfree</Filter>
    </ClInclude>
    <ClInclude Include="..\..\..\src\nut\threading\lockfree\concurrent_queue.h">
      <Filter>nut\threading\lockfree</Filter>
    </ClInclude>
    <ClInclude Include="..\..\..\src\nut\threading\lockfree\concurrent_stack.h">
      <Filter>nut\threading\lockfree</Filter>
    </ClInclude>
    <ClInclude Include="..\..\..\src\nut\threading\sync\condition.h">
      <Filter>nut\threading\sync</Filter>
    </ClInclude>
    <ClInclude Include="..\..\..\src\nut\threading\sync\guard.h">
      <Filter>nut\threading\sync</Filter>
    </ClInclude>
    <ClInclude Include="..\..\..\src\nut\threading\sync\mutex.h">
      <Filter>nut\threading\sync</Filter>
    </ClInclude>
    <ClInclude Include="..\..\..\src\nut\threading\sync\rwlock.h">
      <Filter>nut\threading\sync</Filter>
    </ClInclude>
    <ClInclude Include="..\..\..\src\nut\threading\sync\sem.h">
      <Filter>nut\threading\sync</Filter>
    </ClInclude>
    <ClInclude Include="..\..\..\src\nut\threading\sync\spinlock.h">
      <Filter>nut\threading\sync</Filter>
    </ClInclude>
    <ClInclude Include="..\..\..\src\nut\threading\sync\threading.h">
      <Filter>nut\threading\sync</Filter>
    </ClInclude>
    <ClInclude Include="..\..\..\src\nut\threading\thread.h">
      <Filter>nut\threading</Filter>
    </ClInclude>
    <ClInclude Include="..\..\..\src\nut\threading\thread_pool.h">
      <Filter>nut\threading</Filter>
    </ClInclude>
    <ClInclude Include="..\..\..\src\nut\security\digest\adler32.h">
      <Filter>nut\security\digest</Filter>
    </ClInclude>
    <ClInclude Include="..\..\..\src\nut\security\digest\md5.h">
      <Filter>nut\security\digest</Filter>
    </ClInclude>
    <ClInclude Include="..\..\..\src\nut\security\encrypt\aes.h">
      <Filter>nut\security\encrypt</Filter>
    </ClInclude>
    <ClInclude Include="..\..\..\src\nut\security\encrypt\aes_cbc_pkcs5.h">
      <Filter>nut\security\encrypt</Filter>
    </ClInclude>
    <ClInclude Include="..\..\..\src\nut\security\encrypt\rsa.h">
      <Filter>nut\security\encrypt</Filter>
    </ClInclude>
    <ClInclude Include="..\..\..\src\nut\rc\enrc.h">
      <Filter>nut\rc</Filter>
    </ClInclude>
    <ClInclude Include="..\..\..\src\nut\rc\rc_new.h">
      <Filter>nut\rc</Filter>
    </ClInclude>
    <ClInclude Include="..\..\..\src\nut\rc\rc_ptr.h">
      <Filter>nut\rc</Filter>
    </ClInclude>
    <ClInclude Include="..\..\..\src\nut\rc\rc_wrapper.h">
      <Filter>nut\rc</Filter>
    </ClInclude>
    <ClInclude Include="..\..\..\src\nut\rc\ref_counter.h">
      <Filter>nut\rc</Filter>
    </ClInclude>
    <ClInclude Include="..\..\..\src\nut\platform\os.h">
      <Filter>nut\platform</Filter>
    </ClInclude>
    <ClInclude Include="..\..\..\src\nut\platform\path.h">
      <Filter>nut\platform</Filter>
    </ClInclude>
    <ClInclude Include="..\..\..\src\nut\platform\platform.h">
      <Filter>nut\platform</Filter>
    </ClInclude>
    <ClInclude Include="..\..\..\src\nut\platform\stdint_traits.h">
      <Filter>nut\platform</Filter>
    </ClInclude>
    <ClInclude Include="..\..\..\src\nut\pconsole\cmd_exit.h">
      <Filter>nut\pconsole</Filter>
    </ClInclude>
    <ClInclude Include="..\..\..\src\nut\pconsole\cmd_help.h">
      <Filter>nut\pconsole</Filter>
    </ClInclude>
    <ClInclude Include="..\..\..\src\nut\pconsole\icommand.h">
      <Filter>nut\pconsole</Filter>
    </ClInclude>
    <ClInclude Include="..\..\..\src\nut\pconsole\iconsole.h">
      <Filter>nut\pconsole</Filter>
    </ClInclude>
    <ClInclude Include="..\..\..\src\nut\pconsole\pconsole.h">
      <Filter>nut\pconsole</Filter>
    </ClInclude>
    <ClInclude Include="..\..\..\src\nut\numeric\numeric_algo\bit_sieve.h">
      <Filter>nut\numeric\numeric_algo</Filter>
    </ClInclude>
    <ClInclude Include="..\..\..\src\nut\numeric\numeric_algo\gcd.h">
      <Filter>nut\numeric\numeric_algo</Filter>
    </ClInclude>
    <ClInclude Include="..\..\..\src\nut\numeric\numeric_algo\karatsuba.h">
      <Filter>nut\numeric\numeric_algo</Filter>
    </ClInclude>
    <ClInclude Include="..\..\..\src\nut\numeric\numeric_algo\mod.h">
      <Filter>nut\numeric\numeric_algo</Filter>
    </ClInclude>
    <ClInclude Include="..\..\..\src\nut\numeric\numeric_algo\prime.h">
      <Filter>nut\numeric\numeric_algo</Filter>
    </ClInclude>
    <ClInclude Include="..\..\..\src\nut\numeric\big_integer.h">
      <Filter>nut\numeric</Filter>
    </ClInclude>
    <ClInclude Include="..\..\..\src\nut\numeric\word_array_integer.h">
      <Filter>nut\numeric</Filter>
    </ClInclude>
  </ItemGroup>
  <ItemGroup>
    <ClCompile Include="..\..\..\src\nut\container\bit_stream.cpp">
      <Filter>nut\container</Filter>
    </ClCompile>
    <ClCompile Include="..\..\..\src\nut\container\byte_array.cpp">
      <Filter>nut\container</Filter>
    </ClCompile>
    <ClCompile Include="..\..\..\src\nut\container\byte_array_stream.cpp">
      <Filter>nut\container</Filter>
    </ClCompile>
    <ClCompile Include="..\..\..\src\nut\debugging\addr_map_mgr.cpp">
      <Filter>nut\debugging</Filter>
    </ClCompile>
    <ClCompile Include="..\..\..\src\nut\debugging\backtrace.cpp">
      <Filter>nut\debugging</Filter>
    </ClCompile>
    <ClCompile Include="..\..\..\src\nut\logging\log_filter.cpp">
      <Filter>nut\logging</Filter>
    </ClCompile>
    <ClCompile Include="..\..\..\src\nut\logging\log_handler.cpp">
      <Filter>nut\logging</Filter>
    </ClCompile>
    <ClCompile Include="..\..\..\src\nut\logging\log_level.cpp">
      <Filter>nut\logging</Filter>
    </ClCompile>
    <ClCompile Include="..\..\..\src\nut\logging\log_manager.cpp">
      <Filter>nut\logging</Filter>
    </ClCompile>
    <ClCompile Include="..\..\..\src\nut\logging\logger.cpp">
      <Filter>nut\logging</Filter>
    </ClCompile>
    <ClCompile Include="..\..\..\src\nut\mem\scoped_gc.cpp">
      <Filter>nut\mem</Filter>
    </ClCompile>
    <ClCompile Include="..\..\..\src\nut\mem\sys_ma.cpp">
      <Filter>nut\mem</Filter>
    </ClCompile>
    <ClCompile Include="..\..\..\src\nut\util\txtcfg\xml\xml_dom.cpp">
      <Filter>nut\util\txtcfg\xml</Filter>
    </ClCompile>
    <ClCompile Include="..\..\..\src\nut\util\txtcfg\xml\xml_element.cpp">
      <Filter>nut\util\txtcfg\xml</Filter>
    </ClCompile>
    <ClCompile Include="..\..\..\src\nut\util\txtcfg\xml\xml_parser.cpp">
      <Filter>nut\util\txtcfg\xml</Filter>
    </ClCompile>
    <ClCompile Include="..\..\..\src\nut\util\txtcfg\xml\xml_writer.cpp">
      <Filter>nut\util\txtcfg\xml</Filter>
    </ClCompile>
    <ClCompile Include="..\..\..\src\nut\util\txtcfg\ini_dom.cpp">
      <Filter>nut\util\txtcfg</Filter>
    </ClCompile>
    <ClCompile Include="..\..\..\src\nut\util\txtcfg\property_dom.cpp">
      <Filter>nut\util\txtcfg</Filter>
    </ClCompile>
    <ClCompile Include="..\..\..\src\nut\util\txtcfg\txt_file.cpp">
      <Filter>nut\util\txtcfg</Filter>
    </ClCompile>
    <ClCompile Include="..\..\..\src\nut\util\time\date_time.cpp">
      <Filter>nut\util\time</Filter>
    </ClCompile>
    <ClCompile Include="..\..\..\src\nut\util\time\time_var.cpp">
      <Filter>nut\util\time</Filter>
    </ClCompile>
    <ClCompile Include="..\..\..\src\nut\util\time\timer_manager.cpp">
      <Filter>nut\util\time</Filter>
    </ClCompile>
    <ClCompile Include="..\..\..\src\nut\util\string\kmp.cpp">
      <Filter>nut\util\string</Filter>
    </ClCompile>
    <ClCompile Include="..\..\..\src\nut\util\string\string_util.cpp">
      <Filter>nut\util\string</Filter>
    </ClCompile>
    <ClCompile Include="..\..\..\src\nut\util\string\to_string.cpp">
      <Filter>nut\util\string</Filter>
    </ClCompile>
    <ClCompile Include="..\..\..\src\nut\util\console_util.cpp">
      <Filter>nut\util</Filter>
    </ClCompile>
    <ClCompile Include="..\..\..\src\nut\unittest\console_test_logger.cpp">
      <Filter>nut\unittest</Filter>
    </ClCompile>
    <ClCompile Include="..\..\..\src\nut\unittest\stream_test_logger.cpp">
      <Filter>nut\unittest</Filter>
    </ClCompile>
    <ClCompile Include="..\..\..\src\nut\unittest\testregister.cpp">
      <Filter>nut\unittest</Filter>
    </ClCompile>
    <ClCompile Include="..\..\..\src\nut\unittest\testrunner.cpp">
      <Filter>nut\unittest</Filter>
    </ClCompile>
    <ClCompile Include="..\..\..\src\nut\threading\lockfree\atomic.cpp">
      <Filter>nut\threading\lockfree</Filter>
    </ClCompile>
    <ClCompile Include="..\..\..\src\nut\threading\sync\condition.cpp">
      <Filter>nut\threading\sync</Filter>
    </ClCompile>
    <ClCompile Include="..\..\..\src\nut\threading\sync\mutex.cpp">
      <Filter>nut\threading\sync</Filter>
    </ClCompile>
    <ClCompile Include="..\..\..\src\nut\threading\sync\rwlock.cpp">
      <Filter>nut\threading\sync</Filter>
    </ClCompile>
    <ClCompile Include="..\..\..\src\nut\threading\sync\sem.cpp">
      <Filter>nut\threading\sync</Filter>
    </ClCompile>
    <ClCompile Include="..\..\..\src\nut\threading\sync\spinlock.cpp">
      <Filter>nut\threading\sync</Filter>
    </ClCompile>
    <ClCompile Include="..\..\..\src\nut\threading\thread.cpp">
      <Filter>nut\threading</Filter>
    </ClCompile>
    <ClCompile Include="..\..\..\src\nut\threading\thread_pool.cpp">
      <Filter>nut\threading</Filter>
    </ClCompile>
    <ClCompile Include="..\..\..\src\nut\security\digest\adler32.cpp">
      <Filter>nut\security\digest</Filter>
    </ClCompile>
    <ClCompile Include="..\..\..\src\nut\security\digest\md5.cpp">
      <Filter>nut\security\digest</Filter>
    </ClCompile>
    <ClCompile Include="..\..\..\src\nut\security\encrypt\aes.cpp">
      <Filter>nut\security\encrypt</Filter>
    </ClCompile>
    <ClCompile Include="..\..\..\src\nut\security\encrypt\aes_cbc_pkcs5.cpp">
      <Filter>nut\security\encrypt</Filter>
    </ClCompile>
    <ClCompile Include="..\..\..\src\nut\security\encrypt\rsa.cpp">
      <Filter>nut\security\encrypt</Filter>
    </ClCompile>
    <ClCompile Include="..\..\..\src\nut\platform\os.cpp">
      <Filter>nut\platform</Filter>
    </ClCompile>
    <ClCompile Include="..\..\..\src\nut\platform\path.cpp">
      <Filter>nut\platform</Filter>
    </ClCompile>
    <ClCompile Include="..\..\..\src\nut\pconsole\cmd_help.cpp">
      <Filter>nut\pconsole</Filter>
    </ClCompile>
    <ClCompile Include="..\..\..\src\nut\pconsole\icommand.cpp">
      <Filter>nut\pconsole</Filter>
    </ClCompile>
    <ClCompile Include="..\..\..\src\nut\pconsole\iconsole.cpp">
      <Filter>nut\pconsole</Filter>
    </ClCompile>
    <ClCompile Include="..\..\..\src\nut\pconsole\pconsole.cpp">
      <Filter>nut\pconsole</Filter>
    </ClCompile>
    <ClCompile Include="..\..\..\src\nut\numeric\numeric_algo\bit_sieve.cpp">
      <Filter>nut\numeric\numeric_algo</Filter>
    </ClCompile>
    <ClCompile Include="..\..\..\src\nut\numeric\numeric_algo\gcd.cpp">
      <Filter>nut\numeric\numeric_algo</Filter>
    </ClCompile>
    <ClCompile Include="..\..\..\src\nut\numeric\numeric_algo\mod.cpp">
      <Filter>nut\numeric\numeric_algo</Filter>
    </ClCompile>
    <ClCompile Include="..\..\..\src\nut\numeric\numeric_algo\prime.cpp">
      <Filter>nut\numeric\numeric_algo</Filter>
    </ClCompile>
    <ClCompile Include="..\..\..\src\nut\numeric\big_integer.cpp">
      <Filter>nut\numeric</Filter>
    </ClCompile>
  </ItemGroup>
</Project>