<?xml version="1.0" encoding="utf-8"?>
<Project ToolsVersion="4.0" xmlns="http://schemas.microsoft.com/developer/msbuild/2003">
  <ItemGroup>
    <Filter Include="源文件">
      <UniqueIdentifier>{4FC737F1-C7A5-4376-A066-2A32D752A2FF}</UniqueIdentifier>
      <Extensions>cpp;c;cc;cxx;def;odl;idl;hpj;bat;asm;asmx</Extensions>
    </Filter>
    <Filter Include="头文件">
      <UniqueIdentifier>{93995380-89BD-4b04-88EB-625FBE52EBFB}</UniqueIdentifier>
      <Extensions>h;hpp;hxx;hm;inl;inc;xsd</Extensions>
    </Filter>
    <Filter Include="资源文件">
      <UniqueIdentifier>{67DA6AB6-F800-4c08-8B7A-83BB121AAD01}</UniqueIdentifier>
      <Extensions>rc;ico;cur;bmp;dlg;rc2;rct;bin;rgs;gif;jpg;jpeg;jpe;resx;tiff;tif;png;wav;mfcribbon-ms</Extensions>
    </Filter>
    <Filter Include="源文件\container">
      <UniqueIdentifier>{fc8b8a67-93b2-4f7d-be9b-63390084e4b4}</UniqueIdentifier>
    </Filter>
    <Filter Include="源文件\container\tree">
      <UniqueIdentifier>{4a251bee-df00-40fb-b41f-b07cfbde09c9}</UniqueIdentifier>
    </Filter>
    <Filter Include="源文件\container\tree\rtree">
      <UniqueIdentifier>{bb54383e-7a38-4012-85c7-bbd85927c315}</UniqueIdentifier>
    </Filter>
    <Filter Include="源文件\container\skiplist">
      <UniqueIdentifier>{7aea8fee-4b89-41b2-bb5a-fbc26937e378}</UniqueIdentifier>
    </Filter>
    <Filter Include="源文件\debugging">
      <UniqueIdentifier>{3c0a62e0-6534-44ac-889b-42f94b3c5da3}</UniqueIdentifier>
    </Filter>
    <Filter Include="源文件\logging">
      <UniqueIdentifier>{030a36e5-a9df-4fcf-9549-83ed7af23956}</UniqueIdentifier>
    </Filter>
    <Filter Include="源文件\mem">
      <UniqueIdentifier>{b6510f32-f529-4efa-b14c-fef7814d1045}</UniqueIdentifier>
    </Filter>
    <Filter Include="源文件\numeric">
      <UniqueIdentifier>{d7e07af5-781b-42fc-a443-aa61e3e26c7b}</UniqueIdentifier>
    </Filter>
    <Filter Include="源文件\pconsole">
      <UniqueIdentifier>{6fc08e34-da15-461b-8d46-c283223d795d}</UniqueIdentifier>
    </Filter>
    <Filter Include="源文件\platform">
      <UniqueIdentifier>{92c51f74-27f6-4a17-9683-31f17d7bcd1b}</UniqueIdentifier>
    </Filter>
    <Filter Include="源文件\rc">
      <UniqueIdentifier>{32ba7c8a-31c1-429c-96ac-ad64286134e1}</UniqueIdentifier>
    </Filter>
    <Filter Include="源文件\security">
      <UniqueIdentifier>{7d2f5531-da2a-478b-a0ae-4584167c310c}</UniqueIdentifier>
    </Filter>
    <Filter Include="源文件\security\digest">
      <UniqueIdentifier>{37eda237-8b7c-41d1-b959-8166f2952d2c}</UniqueIdentifier>
    </Filter>
    <Filter Include="源文件\security\encrypt">
      <UniqueIdentifier>{05d163ec-7617-4327-af1c-0d5fe5ed388c}</UniqueIdentifier>
    </Filter>
    <Filter Include="源文件\threading">
      <UniqueIdentifier>{2a8a2e1b-3b93-4a09-b72d-37c0761b187f}</UniqueIdentifier>
    </Filter>
    <Filter Include="源文件\threading\lockfree">
      <UniqueIdentifier>{49f2201e-bbdd-40b7-8ce0-3477284e1d41}</UniqueIdentifier>
    </Filter>
    <Filter Include="源文件\util">
      <UniqueIdentifier>{2f11400e-ae2e-4c66-be8f-ad977a93a6e4}</UniqueIdentifier>
    </Filter>
    <Filter Include="源文件\util\string">
      <UniqueIdentifier>{645c5dbb-30ef-4fc8-a65e-f32f7cb8c3a1}</UniqueIdentifier>
    </Filter>
    <Filter Include="源文件\util\txtcfg">
      <UniqueIdentifier>{0fa9b90c-52db-49ef-a013-a6625fa1d22d}</UniqueIdentifier>
    </Filter>
    <Filter Include="源文件\util\txtcfg\xml">
      <UniqueIdentifier>{abd17c28-a262-4101-9f9e-44f25b89f6ea}</UniqueIdentifier>
    </Filter>
  </ItemGroup>
  <ItemGroup>
    <ClCompile Include="..\..\..\src\test\container\skiplist\test_skiplist.cpp">
      <Filter>源文件\container\skiplist</Filter>
    </ClCompile>
    <ClCompile Include="..\..\..\src\test\container\tree\rtree\test_rtree.cpp">
      <Filter>源文件\container\tree\rtree</Filter>
    </ClCompile>
    <ClCompile Include="..\..\..\src\test\container\tree\test_bst.cpp">
      <Filter>源文件\container\tree</Filter>
    </ClCompile>
    <ClCompile Include="..\..\..\src\test\container\test_array.cpp">
      <Filter>源文件\container</Filter>
    </ClCompile>
    <ClCompile Include="..\..\..\src\test\container\test_bitstream.cpp">
      <Filter>源文件\container</Filter>
    </ClCompile>
    <ClCompile Include="..\..\..\src\test\container\test_bundle.cpp">
      <Filter>源文件\container</Filter>
    </ClCompile>
    <ClCompile Include="..\..\..\src\test\container\test_bytearray.cpp">
      <Filter>源文件\container</Filter>
    </ClCompile>
    <ClCompile Include="..\..\..\src\test\container\test_bytearraystream.cpp">
      <Filter>源文件\container</Filter>
    </ClCompile>
    <ClCompile Include="..\..\..\src\test\container\test_lru_cache.cpp">
      <Filter>源文件\container</Filter>
    </ClCompile>
    <ClCompile Include="..\..\..\src\test\container\test_lru_data_cache.cpp">
      <Filter>源文件\container</Filter>
    </ClCompile>
    <ClCompile Include="..\..\..\src\test\debugging\test_backtrace.cpp">
      <Filter>源文件\debugging</Filter>
    </ClCompile>
    <ClCompile Include="..\..\..\src\test\logging\test_logging.cpp">
      <Filter>源文件\logging</Filter>
    </ClCompile>
    <ClCompile Include="..\..\..\src\test\mem\test_lengthfixed_mp.cpp">
      <Filter>源文件\mem</Filter>
    </ClCompile>
    <ClCompile Include="..\..\..\src\test\mem\test_scoped_gc.cpp">
      <Filter>源文件\mem</Filter>
    </ClCompile>
    <ClCompile Include="..\..\..\src\test\numeric\test_biginteger.cpp">
      <Filter>源文件\numeric</Filter>
    </ClCompile>
    <ClCompile Include="..\..\..\src\test\numeric\test_numeric_algo.cpp">
      <Filter>源文件\numeric</Filter>
    </ClCompile>
    <ClCompile Include="..\..\..\src\test\pconsole\test_pconsole.cpp">
      <Filter>源文件\pconsole</Filter>
    </ClCompile>
    <ClCompile Include="..\..\..\src\test\platform\test_os.cpp">
      <Filter>源文件\platform</Filter>
    </ClCompile>
    <ClCompile Include="..\..\..\src\test\platform\test_path.cpp">
      <Filter>源文件\platform</Filter>
    </ClCompile>
    <ClCompile Include="..\..\..\src\test\rc\test_rc.cpp">
      <Filter>源文件\rc</Filter>
    </ClCompile>
    <ClCompile Include="..\..\..\src\test\security\digest\test_adler32.cpp">
      <Filter>源文件\security\digest</Filter>
    </ClCompile>
    <ClCompile Include="..\..\..\src\test\security\digest\test_md5.cpp">
      <Filter>源文件\security\digest</Filter>
    </ClCompile>
    <ClCompile Include="..\..\..\src\test\security\encrypt\test_aes.cpp">
      <Filter>源文件\security\encrypt</Filter>
    </ClCompile>
    <ClCompile Include="..\..\..\src\test\security\encrypt\test_aes_cbc_pkcs5.cpp">
      <Filter>源文件\security\encrypt</Filter>
    </ClCompile>
    <ClCompile Include="..\..\..\src\test\security\encrypt\test_rsa.cpp">
      <Filter>源文件\security\encrypt</Filter>
    </ClCompile>
    <ClCompile Include="..\..\..\src\test\threading\lockfree\test_atomic.cpp">
      <Filter>源文件\threading\lockfree</Filter>
    </ClCompile>
    <ClCompile Include="..\..\..\src\test\threading\lockfree\test_queue.cpp">
      <Filter>源文件\threading\lockfree</Filter>
    </ClCompile>
    <ClCompile Include="..\..\..\src\test\threading\lockfree\test_stack.cpp">
      <Filter>源文件\threading\lockfree</Filter>
    </ClCompile>
    <ClCompile Include="..\..\..\src\test\threading\test_threadpool.cpp">
      <Filter>源文件\threading</Filter>
    </ClCompile>
    <ClCompile Include="..\..\..\src\test\util\string\test_kmp.cpp">
      <Filter>源文件\util\string</Filter>
    </ClCompile>
    <ClCompile Include="..\..\..\src\test\util\string\test_stringutil.cpp">
      <Filter>源文件\util\string</Filter>
    </ClCompile>
    <ClCompile Include="..\..\..\src\test\util\txtcfg\xml\test_xml_element.cpp">
      <Filter>源文件\util\txtcfg\xml</Filter>
    </ClCompile>
    <ClCompile Include="..\..\..\src\test\util\txtcfg\xml\test_xml_parser.cpp">
      <Filter>源文件\util\txtcfg\xml</Filter>
    </ClCompile>
    <ClCompile Include="..\..\..\src\test\util\txtcfg\xml\test_xml_writer.cpp">
      <Filter>源文件\util\txtcfg\xml</Filter>
    </ClCompile>
    <ClCompile Include="..\..\..\src\test\util\txtcfg\test_ini_dom.cpp">
      <Filter>源文件\util\txtcfg</Filter>
    </ClCompile>
    <ClCompile Include="..\..\..\src\test\util\txtcfg\test_property_dom.cpp">
      <Filter>源文件\util\txtcfg</Filter>
    </ClCompile>
    <ClCompile Include="..\..\..\src\test\util\test_delegate.cpp">
      <Filter>源文件\util</Filter>
    </ClCompile>
    <ClCompile Include="..\..\..\src\test\main.cpp">
      <Filter>源文件</Filter>
    </ClCompile>
  </ItemGroup>
</Project>