<?xml version="1.0" encoding="utf-8"?>
<Project ToolsVersion="4.0" xmlns="http://schemas.microsoft.com/developer/msbuild/2003">
  <ItemGroup>
    <Filter Include="源文件">
      <UniqueIdentifier>{4FC737F1-C7A5-4376-A066-2A32D752A2FF}</UniqueIdentifier>
      <Extensions>cpp;c;cc;cxx;def;odl;idl;hpj;bat;asm;asmx</Extensions>
    </Filter>
    <Filter Include="头文件">
      <UniqueIdentifier>{93995380-89BD-4b04-88EB-625FBE52EBFB}</UniqueIdentifier>
      <Extensions>h;hpp;hxx;hm;inl;inc;xsd</Extensions>
    </Filter>
    <Filter Include="资源文件">
      <UniqueIdentifier>{67DA6AB6-F800-4c08-8B7A-83BB121AAD01}</UniqueIdentifier>
      <Extensions>rc;ico;cur;bmp;dlg;rc2;rct;bin;rgs;gif;jpg;jpeg;jpe;resx;tiff;tif;png;wav;mfcribbon-ms</Extensions>
    </Filter>
    <Filter Include="头文件\gc">
      <UniqueIdentifier>{ba4c4893-8b5a-4c01-af0b-489ae002b834}</UniqueIdentifier>
    </Filter>
    <Filter Include="头文件\memtool">
      <UniqueIdentifier>{3249a447-10e1-4a3d-9919-10cd87d3c628}</UniqueIdentifier>
    </Filter>
    <Filter Include="源文件\gc">
      <UniqueIdentifier>{78788a4e-8333-407b-9d1c-d244d9c90856}</UniqueIdentifier>
    </Filter>
    <Filter Include="头文件\unittest">
      <UniqueIdentifier>{8ac5dd8b-1b8d-49f4-a920-26bcced544d2}</UniqueIdentifier>
    </Filter>
    <Filter Include="头文件\debugging">
      <UniqueIdentifier>{606cafde-0cc6-4373-b247-11e994a5421b}</UniqueIdentifier>
    </Filter>
    <Filter Include="头文件\logging">
      <UniqueIdentifier>{96581bb1-f9ff-4a79-b239-b74d504bd960}</UniqueIdentifier>
    </Filter>
    <Filter Include="头文件\threading">
      <UniqueIdentifier>{ade82e3c-1227-431b-bcaa-59cfbd0a085b}</UniqueIdentifier>
    </Filter>
    <Filter Include="头文件\util">
      <UniqueIdentifier>{07bcb9a5-2e88-4e25-83b4-2a85999b4e3b}</UniqueIdentifier>
    </Filter>
    <Filter Include="源文件\logging">
      <UniqueIdentifier>{be89f9d3-9aea-452a-93b8-7df99944fe19}</UniqueIdentifier>
    </Filter>
    <Filter Include="头文件\numeric">
      <UniqueIdentifier>{a0f4a4be-8c96-42bc-b29c-65f88a29ecbc}</UniqueIdentifier>
    </Filter>
    <Filter Include="源文件\numeric">
      <UniqueIdentifier>{d7d572d4-3a7b-4cf7-b727-d0ffc2b4bfb1}</UniqueIdentifier>
    </Filter>
    <Filter Include="源文件\util">
      <UniqueIdentifier>{1a33d577-2005-458f-a87f-0912ca5b567a}</UniqueIdentifier>
    </Filter>
    <Filter Include="头文件\lockfree">
      <UniqueIdentifier>{153ceb08-b54a-4553-be0d-104bc31ff229}</UniqueIdentifier>
    </Filter>
  </ItemGroup>
  <ItemGroup>
    <ClInclude Include="..\..\..\nut\gc\gc.hpp">
      <Filter>头文件\gc</Filter>
    </ClInclude>
    <ClInclude Include="..\..\..\nut\gc\ref.hpp">
      <Filter>头文件\gc</Filter>
    </ClInclude>
    <ClInclude Include="..\..\..\nut\gc\refcounter.hpp">
      <Filter>头文件\gc</Filter>
    </ClInclude>
    <ClInclude Include="..\..\..\nut\unittest\testcasefailureexception.hpp">
      <Filter>头文件\unittest</Filter>
    </ClInclude>
    <ClInclude Include="..\..\..\nut\unittest\testfixture.hpp">
      <Filter>头文件\unittest</Filter>
    </ClInclude>
    <ClInclude Include="..\..\..\nut\unittest\testlogger.hpp">
      <Filter>头文件\unittest</Filter>
    </ClInclude>
    <ClInclude Include="..\..\..\nut\unittest\testregister.hpp">
      <Filter>头文件\unittest</Filter>
    </ClInclude>
    <ClInclude Include="..\..\..\nut\unittest\testrunner.hpp">
      <Filter>头文件\unittest</Filter>
    </ClInclude>
    <ClInclude Include="..\..\..\nut\unittest\unittest.hpp">
      <Filter>头文件\unittest</Filter>
    </ClInclude>
    <ClInclude Include="..\..\..\nut\debugging\destroychecker.hpp">
      <Filter>头文件\debugging</Filter>
    </ClInclude>
    <ClInclude Include="..\..\..\nut\debugging\exception.hpp">
      <Filter>头文件\debugging</Filter>
    </ClInclude>
    <ClInclude Include="..\..\..\nut\debugging\sourcelocation.hpp">
      <Filter>头文件\debugging</Filter>
    </ClInclude>
    <ClInclude Include="..\..\..\nut\logging\logfilter.hpp">
      <Filter>头文件\logging</Filter>
    </ClInclude>
    <ClInclude Include="..\..\..\nut\logging\loghandler.hpp">
      <Filter>头文件\logging</Filter>
    </ClInclude>
    <ClInclude Include="..\..\..\nut\logging\loglevel.hpp">
      <Filter>头文件\logging</Filter>
    </ClInclude>
    <ClInclude Include="..\..\..\nut\logging\logger.hpp">
      <Filter>头文件\logging</Filter>
    </ClInclude>
    <ClInclude Include="..\..\..\nut\logging\macros.hpp">
      <Filter>头文件\logging</Filter>
    </ClInclude>
    <ClInclude Include="..\..\..\nut\logging\logmanager.hpp">
      <Filter>头文件\logging</Filter>
    </ClInclude>
    <ClInclude Include="..\..\..\nut\logging\logrecord.hpp">
      <Filter>头文件\logging</Filter>
    </ClInclude>
    <ClInclude Include="..\..\..\nut\util\membuffer.hpp">
      <Filter>头文件\util</Filter>
    </ClInclude>
    <ClInclude Include="..\..\..\nut\util\time.hpp">
      <Filter>头文件\util</Filter>
    </ClInclude>
    <ClInclude Include="..\..\..\nut\threading\condition.hpp">
      <Filter>头文件\threading</Filter>
    </ClInclude>
    <ClInclude Include="..\..\..\nut\threading\guard.hpp">
      <Filter>头文件\threading</Filter>
    </ClInclude>
    <ClInclude Include="..\..\..\nut\threading\mutex.hpp">
      <Filter>头文件\threading</Filter>
    </ClInclude>
    <ClInclude Include="..\..\..\nut\memtool\refarg.hpp">
      <Filter>头文件\memtool</Filter>
    </ClInclude>
    <ClInclude Include="..\..\..\nut\gc\gcwrapper.hpp">
      <Filter>头文件\gc</Filter>
    </ClInclude>
    <ClInclude Include="..\..\..\nut\numeric\SignedInteger.hpp">
      <Filter>头文件\numeric</Filter>
    </ClInclude>
    <ClInclude Include="..\..\..\nut\numeric\byte_array_number.hpp">
      <Filter>头文件\numeric</Filter>
    </ClInclude>
    <ClInclude Include="..\..\..\nut\numeric\unsignedinteger.hpp">
      <Filter>头文件\numeric</Filter>
    </ClInclude>
    <ClInclude Include="..\..\..\nut\logging\logpath.hpp">
      <Filter>头文件\logging</Filter>
    </ClInclude>
    <ClInclude Include="..\..\..\nut\util\stringutil.hpp">
      <Filter>头文件\util</Filter>
    </ClInclude>
    <ClInclude Include="..\..\..\nut\util\consoleutil.hpp">
      <Filter>头文件\util</Filter>
    </ClInclude>
    <ClInclude Include="..\..\..\nut\unittest\streamtestlogger.hpp">
      <Filter>头文件\unittest</Filter>
    </ClInclude>
    <ClInclude Include="..\..\..\nut\unittest\consoletestlogger.hpp">
      <Filter>头文件\unittest</Filter>
    </ClInclude>
    <ClInclude Include="..\..\..\nut\util\propertyfile.hpp">
      <Filter>头文件\util</Filter>
    </ClInclude>
    <ClInclude Include="..\..\..\nut\util\configfile.hpp">
      <Filter>头文件\util</Filter>
    </ClInclude>
    <ClInclude Include="..\..\..\nut\util\tuple.hpp">
      <Filter>头文件\util</Filter>
    </ClInclude>
    <ClInclude Include="..\..\..\nut\gc\enref.hpp">
      <Filter>头文件\gc</Filter>
    </ClInclude>
    <ClInclude Include="..\..\..\nut\lockfree\atomic.hpp">
      <Filter>头文件\lockfree</Filter>
    </ClInclude>
    <ClInclude Include="..\..\..\nut\lockfree\concurrentqueue.hpp">
      <Filter>头文件\lockfree</Filter>
    </ClInclude>
    <ClInclude Include="..\..\..\nut\lockfree\concurrentstack.hpp">
      <Filter>头文件\lockfree</Filter>
    </ClInclude>
  </ItemGroup>
  <ItemGroup>
    <ClCompile Include="..\..\..\test\gc\test_gc.cpp">
      <Filter>源文件\gc</Filter>
    </ClCompile>
    <ClCompile Include="..\..\..\test\main.cpp">
      <Filter>源文件</Filter>
    </ClCompile>
    <ClCompile Include="..\..\..\test\logging\test_logging.cpp">
      <Filter>源文件\logging</Filter>
    </ClCompile>
    <ClCompile Include="..\..\..\test\numeric\test_signedinteger.cpp">
      <Filter>源文件\numeric</Filter>
    </ClCompile>
    <ClCompile Include="..\..\..\test\util\test_stringutil.cpp">
      <Filter>源文件\util</Filter>
    </ClCompile>
    <ClCompile Include="..\..\..\test\util\test_propertyfile.cpp">
      <Filter>源文件\util</Filter>
    </ClCompile>
    <ClCompile Include="..\..\..\test\util\test_configfile.cpp">
      <Filter>源文件\util</Filter>
    </ClCompile>
  </ItemGroup>
</Project>