<?xml version="1.0" encoding="utf-8"?>
<Project ToolsVersion="4.0" xmlns="http://schemas.microsoft.com/developer/msbuild/2003">
  <ItemGroup>
    <Filter Include="源文件">
      <UniqueIdentifier>{4FC737F1-C7A5-4376-A066-2A32D752A2FF}</UniqueIdentifier>
      <Extensions>cpp;c;cc;cxx;def;odl;idl;hpj;bat;asm;asmx</Extensions>
    </Filter>
    <Filter Include="头文件">
      <UniqueIdentifier>{93995380-89BD-4b04-88EB-625FBE52EBFB}</UniqueIdentifier>
      <Extensions>h;hpp;hxx;hm;inl;inc;xsd</Extensions>
    </Filter>
    <Filter Include="资源文件">
      <UniqueIdentifier>{67DA6AB6-F800-4c08-8B7A-83BB121AAD01}</UniqueIdentifier>
      <Extensions>rc;ico;cur;bmp;dlg;rc2;rct;bin;rgs;gif;jpg;jpeg;jpe;resx;tiff;tif;png;wav;mfcribbon-ms</Extensions>
    </Filter>
    <Filter Include="头文件\gc">
      <UniqueIdentifier>{ba4c4893-8b5a-4c01-af0b-489ae002b834}</UniqueIdentifier>
    </Filter>
    <Filter Include="头文件\memtool">
      <UniqueIdentifier>{3249a447-10e1-4a3d-9919-10cd87d3c628}</UniqueIdentifier>
    </Filter>
    <Filter Include="源文件\gc">
      <UniqueIdentifier>{78788a4e-8333-407b-9d1c-d244d9c90856}</UniqueIdentifier>
    </Filter>
    <Filter Include="头文件\unittest">
      <UniqueIdentifier>{8ac5dd8b-1b8d-49f4-a920-26bcced544d2}</UniqueIdentifier>
    </Filter>
    <Filter Include="头文件\debugging">
      <UniqueIdentifier>{606cafde-0cc6-4373-b247-11e994a5421b}</UniqueIdentifier>
    </Filter>
    <Filter Include="头文件\logging">
      <UniqueIdentifier>{96581bb1-f9ff-4a79-b239-b74d504bd960}</UniqueIdentifier>
    </Filter>
    <Filter Include="头文件\threading">
      <UniqueIdentifier>{ade82e3c-1227-431b-bcaa-59cfbd0a085b}</UniqueIdentifier>
    </Filter>
    <Filter Include="头文件\util">
      <UniqueIdentifier>{07bcb9a5-2e88-4e25-83b4-2a85999b4e3b}</UniqueIdentifier>
    </Filter>
    <Filter Include="源文件\logging">
      <UniqueIdentifier>{be89f9d3-9aea-452a-93b8-7df99944fe19}</UniqueIdentifier>
    </Filter>
    <Filter Include="头文件\numeric">
      <UniqueIdentifier>{a0f4a4be-8c96-42bc-b29c-65f88a29ecbc}</UniqueIdentifier>
    </Filter>
    <Filter Include="源文件\numeric">
      <UniqueIdentifier>{d7d572d4-3a7b-4cf7-b727-d0ffc2b4bfb1}</UniqueIdentifier>
    </Filter>
    <Filter Include="源文件\util">
      <UniqueIdentifier>{1a33d577-2005-458f-a87f-0912ca5b567a}</UniqueIdentifier>
    </Filter>
    <Filter Include="头文件\tree">
      <UniqueIdentifier>{21610087-e93f-4c0f-a665-b9e0b03475be}</UniqueIdentifier>
    </Filter>
    <Filter Include="源文件\tree">
      <UniqueIdentifier>{5c5978fe-2f89-4d55-977f-65b48321c995}</UniqueIdentifier>
    </Filter>
    <Filter Include="头文件\mem">
      <UniqueIdentifier>{41823d73-0684-4920-bcbd-24eeade40542}</UniqueIdentifier>
    </Filter>
    <Filter Include="头文件\platform">
      <UniqueIdentifier>{7525b6bf-43dc-436a-a53a-6f938530c9d3}</UniqueIdentifier>
    </Filter>
    <Filter Include="源文件\mem">
      <UniqueIdentifier>{b85d0dbf-7120-4cf2-b5aa-9da0f38df56d}</UniqueIdentifier>
    </Filter>
    <Filter Include="头文件\threading\sync">
      <UniqueIdentifier>{a0c43bf1-ab5e-4a7d-830a-61f7e6e6fc20}</UniqueIdentifier>
    </Filter>
    <Filter Include="头文件\threading\lockfree">
      <UniqueIdentifier>{eba3114f-14ac-40ac-a664-7b8e199b71ff}</UniqueIdentifier>
    </Filter>
    <Filter Include="源文件\threading">
      <UniqueIdentifier>{a168620a-1056-43e5-aa38-ad2d763dd1ca}</UniqueIdentifier>
    </Filter>
    <Filter Include="源文件\threading\lockfree">
      <UniqueIdentifier>{4b3ca1e1-9ba1-45fc-b99c-92733fad8dd5}</UniqueIdentifier>
    </Filter>
    <Filter Include="头文件\security">
      <UniqueIdentifier>{85b3e43e-4f43-40c1-b35c-822a05da2f31}</UniqueIdentifier>
    </Filter>
    <Filter Include="头文件\security\digest">
      <UniqueIdentifier>{c955cc37-77cf-4058-ad28-a8fb29c282f5}</UniqueIdentifier>
    </Filter>
    <Filter Include="源文件\security">
      <UniqueIdentifier>{49f59d30-334f-4bcf-8b04-ba7643f31187}</UniqueIdentifier>
    </Filter>
    <Filter Include="源文件\security\digest">
      <UniqueIdentifier>{20c153cb-f6b7-495b-9816-238cd03d3c33}</UniqueIdentifier>
    </Filter>
    <Filter Include="头文件\security\encrypt">
      <UniqueIdentifier>{a00e0c28-c778-456a-a52a-de5a62358c4e}</UniqueIdentifier>
    </Filter>
    <Filter Include="源文件\security\encrypt">
      <UniqueIdentifier>{1025b502-7aae-4732-b417-41c20d45c96c}</UniqueIdentifier>
    </Filter>
    <Filter Include="头文件\util\string">
      <UniqueIdentifier>{cbe09b2d-e419-45dc-8260-2edf5a72dbf3}</UniqueIdentifier>
    </Filter>
    <Filter Include="头文件\util\sqlite3helper">
      <UniqueIdentifier>{f0283209-e4e1-4191-abab-413cc72e01ec}</UniqueIdentifier>
    </Filter>
    <Filter Include="源文件\util\string">
      <UniqueIdentifier>{7f233c5a-13e7-49b9-b5d1-fe63d81eda75}</UniqueIdentifier>
    </Filter>
    <Filter Include="头文件\tree\rtree">
      <UniqueIdentifier>{c8880340-891b-43d1-abb4-616c485e40e5}</UniqueIdentifier>
    </Filter>
    <Filter Include="源文件\tree\rtree">
      <UniqueIdentifier>{b2c43c34-c33b-4190-b36d-4a72eb0200a6}</UniqueIdentifier>
    </Filter>
  </ItemGroup>
  <ItemGroup>
    <ClInclude Include="..\..\..\nut\gc\gc.hpp">
      <Filter>头文件\gc</Filter>
    </ClInclude>
    <ClInclude Include="..\..\..\nut\gc\ref.hpp">
      <Filter>头文件\gc</Filter>
    </ClInclude>
    <ClInclude Include="..\..\..\nut\gc\refcounter.hpp">
      <Filter>头文件\gc</Filter>
    </ClInclude>
    <ClInclude Include="..\..\..\nut\unittest\testcasefailureexception.hpp">
      <Filter>头文件\unittest</Filter>
    </ClInclude>
    <ClInclude Include="..\..\..\nut\unittest\testfixture.hpp">
      <Filter>头文件\unittest</Filter>
    </ClInclude>
    <ClInclude Include="..\..\..\nut\unittest\testlogger.hpp">
      <Filter>头文件\unittest</Filter>
    </ClInclude>
    <ClInclude Include="..\..\..\nut\unittest\testregister.hpp">
      <Filter>头文件\unittest</Filter>
    </ClInclude>
    <ClInclude Include="..\..\..\nut\unittest\testrunner.hpp">
      <Filter>头文件\unittest</Filter>
    </ClInclude>
    <ClInclude Include="..\..\..\nut\unittest\unittest.hpp">
      <Filter>头文件\unittest</Filter>
    </ClInclude>
    <ClInclude Include="..\..\..\nut\debugging\destroychecker.hpp">
      <Filter>头文件\debugging</Filter>
    </ClInclude>
    <ClInclude Include="..\..\..\nut\debugging\exception.hpp">
      <Filter>头文件\debugging</Filter>
    </ClInclude>
    <ClInclude Include="..\..\..\nut\debugging\sourcelocation.hpp">
      <Filter>头文件\debugging</Filter>
    </ClInclude>
    <ClInclude Include="..\..\..\nut\logging\logfilter.hpp">
      <Filter>头文件\logging</Filter>
    </ClInclude>
    <ClInclude Include="..\..\..\nut\logging\loghandler.hpp">
      <Filter>头文件\logging</Filter>
    </ClInclude>
    <ClInclude Include="..\..\..\nut\logging\loglevel.hpp">
      <Filter>头文件\logging</Filter>
    </ClInclude>
    <ClInclude Include="..\..\..\nut\logging\logger.hpp">
      <Filter>头文件\logging</Filter>
    </ClInclude>
    <ClInclude Include="..\..\..\nut\logging\macros.hpp">
      <Filter>头文件\logging</Filter>
    </ClInclude>
    <ClInclude Include="..\..\..\nut\logging\logmanager.hpp">
      <Filter>头文件\logging</Filter>
    </ClInclude>
    <ClInclude Include="..\..\..\nut\logging\logrecord.hpp">
      <Filter>头文件\logging</Filter>
    </ClInclude>
    <ClInclude Include="..\..\..\nut\util\membuffer.hpp">
      <Filter>头文件\util</Filter>
    </ClInclude>
    <ClInclude Include="..\..\..\nut\util\time.hpp">
      <Filter>头文件\util</Filter>
    </ClInclude>
    <ClInclude Include="..\..\..\nut\memtool\refarg.hpp">
      <Filter>头文件\memtool</Filter>
    </ClInclude>
    <ClInclude Include="..\..\..\nut\gc\gcwrapper.hpp">
      <Filter>头文件\gc</Filter>
    </ClInclude>
    <ClInclude Include="..\..\..\nut\numeric\byte_array_number.hpp">
      <Filter>头文件\numeric</Filter>
    </ClInclude>
    <ClInclude Include="..\..\..\nut\numeric\unsignedinteger.hpp">
      <Filter>头文件\numeric</Filter>
    </ClInclude>
    <ClInclude Include="..\..\..\nut\logging\logpath.hpp">
      <Filter>头文件\logging</Filter>
    </ClInclude>
    <ClInclude Include="..\..\..\nut\util\consoleutil.hpp">
      <Filter>头文件\util</Filter>
    </ClInclude>
    <ClInclude Include="..\..\..\nut\unittest\streamtestlogger.hpp">
      <Filter>头文件\unittest</Filter>
    </ClInclude>
    <ClInclude Include="..\..\..\nut\unittest\consoletestlogger.hpp">
      <Filter>头文件\unittest</Filter>
    </ClInclude>
    <ClInclude Include="..\..\..\nut\util\propertyfile.hpp">
      <Filter>头文件\util</Filter>
    </ClInclude>
    <ClInclude Include="..\..\..\nut\util\configfile.hpp">
      <Filter>头文件\util</Filter>
    </ClInclude>
    <ClInclude Include="..\..\..\nut\util\tuple.hpp">
      <Filter>头文件\util</Filter>
    </ClInclude>
    <ClInclude Include="..\..\..\nut\gc\enref.hpp">
      <Filter>头文件\gc</Filter>
    </ClInclude>
    <ClInclude Include="..\..\..\nut\tree\bstree.hpp">
      <Filter>头文件\tree</Filter>
    </ClInclude>
    <ClInclude Include="..\..\..\nut\tree\btree.hpp">
      <Filter>头文件\tree</Filter>
    </ClInclude>
    <ClInclude Include="..\..\..\nut\tree\rbtree.hpp">
      <Filter>头文件\tree</Filter>
    </ClInclude>
    <ClInclude Include="..\..\..\nut\mem\scoped_gc.hpp">
      <Filter>头文件\mem</Filter>
    </ClInclude>
    <ClInclude Include="..\..\..\nut\memtool\singleton.hpp">
      <Filter>头文件\memtool</Filter>
    </ClInclude>
    <ClInclude Include="..\..\..\nut\debugging\static_assert.hpp">
      <Filter>头文件\debugging</Filter>
    </ClInclude>
    <ClInclude Include="..\..\..\nut\platform\platform.hpp">
      <Filter>头文件\platform</Filter>
    </ClInclude>
    <ClInclude Include="..\..\..\nut\platform\stdint.hpp">
      <Filter>头文件\platform</Filter>
    </ClInclude>
    <ClInclude Include="..\..\..\nut\numeric\signedinteger.hpp">
      <Filter>头文件\numeric</Filter>
    </ClInclude>
    <ClInclude Include="..\..\..\nut\numeric\biginteger.hpp">
      <Filter>头文件\numeric</Filter>
    </ClInclude>
    <ClInclude Include="..\..\..\nut\mem\sys_ma.hpp">
      <Filter>头文件\mem</Filter>
    </ClInclude>
    <ClInclude Include="..\..\..\nut\mem\lengthfixed_mp.hpp">
      <Filter>头文件\mem</Filter>
    </ClInclude>
    <ClInclude Include="..\..\..\nut\platform\os.hpp">
      <Filter>头文件\platform</Filter>
    </ClInclude>
    <ClInclude Include="..\..\..\nut\platform\path.hpp">
      <Filter>头文件\platform</Filter>
    </ClInclude>
    <ClInclude Include="..\..\..\nut\threading\sync\condition.hpp">
      <Filter>头文件\threading\sync</Filter>
    </ClInclude>
    <ClInclude Include="..\..\..\nut\threading\sync\guard.hpp">
      <Filter>头文件\threading\sync</Filter>
    </ClInclude>
    <ClInclude Include="..\..\..\nut\security\digest\md5.hpp">
      <Filter>头文件\security\digest</Filter>
    </ClInclude>
    <ClInclude Include="..\..\..\nut\security\encrypt\aes.hpp">
      <Filter>头文件\security\encrypt</Filter>
    </ClInclude>
    <ClInclude Include="..\..\..\nut\threading\sync\mutex.hpp">
      <Filter>头文件\threading\sync</Filter>
    </ClInclude>
    <ClInclude Include="..\..\..\nut\threading\sync\rwlock.hpp">
      <Filter>头文件\threading\sync</Filter>
    </ClInclude>
    <ClInclude Include="..\..\..\nut\threading\sync\spinlock.hpp">
      <Filter>头文件\threading\sync</Filter>
    </ClInclude>
    <ClInclude Include="..\..\..\nut\threading\sync\threading.hpp">
      <Filter>头文件\threading\sync</Filter>
    </ClInclude>
    <ClInclude Include="..\..\..\nut\threading\thread.hpp">
      <Filter>头文件\threading</Filter>
    </ClInclude>
    <ClInclude Include="..\..\..\nut\threading\lockfree\atomic.hpp">
      <Filter>头文件\threading\lockfree</Filter>
    </ClInclude>
    <ClInclude Include="..\..\..\nut\threading\lockfree\concurrentqueue.hpp">
      <Filter>头文件\threading\lockfree</Filter>
    </ClInclude>
    <ClInclude Include="..\..\..\nut\threading\lockfree\concurrentstack.hpp">
      <Filter>头文件\threading\lockfree</Filter>
    </ClInclude>
    <ClInclude Include="..\..\..\nut\threading\threadpool.hpp">
      <Filter>头文件\threading</Filter>
    </ClInclude>
    <ClInclude Include="..\..\..\nut\threading\sync\semaphore.hpp">
      <Filter>头文件\threading\sync</Filter>
    </ClInclude>
    <ClInclude Include="..\..\..\nut\gc\ptr.hpp">
      <Filter>头文件\gc</Filter>
    </ClInclude>
    <ClInclude Include="..\..\..\nut\util\delegate.hpp">
      <Filter>头文件\util</Filter>
    </ClInclude>
    <ClInclude Include="..\..\..\nut\util\string\tostring.hpp">
      <Filter>头文件\util\string</Filter>
    </ClInclude>
    <ClInclude Include="..\..\..\nut\util\string\stringutil.hpp">
      <Filter>头文件\util\string</Filter>
    </ClInclude>
    <ClInclude Include="..\..\..\nut\util\sqlite3helper\connection.hpp">
      <Filter>头文件\util\sqlite3helper</Filter>
    </ClInclude>
    <ClInclude Include="..\..\..\nut\util\sqlite3helper\preparedstatement .hpp">
      <Filter>头文件\util\sqlite3helper</Filter>
    </ClInclude>
    <ClInclude Include="..\..\..\nut\util\sqlite3helper\resultset.hpp">
      <Filter>头文件\util\sqlite3helper</Filter>
    </ClInclude>
    <ClInclude Include="..\..\..\nut\util\sqlite3helper\wrapers.hpp">
      <Filter>头文件\util\sqlite3helper</Filter>
    </ClInclude>
    <ClInclude Include="..\..\..\nut\tree\rtree\rtree.hpp">
      <Filter>头文件\tree\rtree</Filter>
    </ClInclude>
    <ClInclude Include="..\..\..\nut\tree\rtree\mdarea.hpp">
      <Filter>头文件\tree\rtree</Filter>
    </ClInclude>
  </ItemGroup>
  <ItemGroup>
    <ClCompile Include="..\..\..\test\gc\test_gc.cpp">
      <Filter>源文件\gc</Filter>
    </ClCompile>
    <ClCompile Include="..\..\..\test\main.cpp">
      <Filter>源文件</Filter>
    </ClCompile>
    <ClCompile Include="..\..\..\test\logging\test_logging.cpp">
      <Filter>源文件\logging</Filter>
    </ClCompile>
    <ClCompile Include="..\..\..\test\numeric\test_signedinteger.cpp">
      <Filter>源文件\numeric</Filter>
    </ClCompile>
    <ClCompile Include="..\..\..\test\util\test_propertyfile.cpp">
      <Filter>源文件\util</Filter>
    </ClCompile>
    <ClCompile Include="..\..\..\test\util\test_configfile.cpp">
      <Filter>源文件\util</Filter>
    </ClCompile>
    <ClCompile Include="..\..\..\test\tree\test_bst.cpp">
      <Filter>源文件\tree</Filter>
    </ClCompile>
    <ClCompile Include="..\..\..\test\numeric\test_unsignedinteger.cpp">
      <Filter>源文件\numeric</Filter>
    </ClCompile>
    <ClCompile Include="..\..\..\test\numeric\test_biginteger.cpp">
      <Filter>源文件\numeric</Filter>
    </ClCompile>
    <ClCompile Include="..\..\..\test\mem\test_scoped_gc.cpp">
      <Filter>源文件\mem</Filter>
    </ClCompile>
    <ClCompile Include="..\..\..\test\mem\test_lengthfixed_mp.cpp">
      <Filter>源文件\mem</Filter>
    </ClCompile>
    <ClCompile Include="..\..\..\test\threading\lockfree\test_queue.cpp">
      <Filter>源文件\threading\lockfree</Filter>
    </ClCompile>
    <ClCompile Include="..\..\..\test\threading\lockfree\test_stack.cpp">
      <Filter>源文件\threading\lockfree</Filter>
    </ClCompile>
    <ClCompile Include="..\..\..\test\threading\test_threadpool.cpp">
      <Filter>源文件\threading</Filter>
    </ClCompile>
    <ClCompile Include="..\..\..\test\security\digest\test_md5.cpp">
      <Filter>源文件\security\digest</Filter>
    </ClCompile>
    <ClCompile Include="..\..\..\test\security\encrypt\test_aes.cpp">
      <Filter>源文件\security\encrypt</Filter>
    </ClCompile>
    <ClCompile Include="..\..\..\test\util\test_delegate.cpp">
      <Filter>源文件\util</Filter>
    </ClCompile>
    <ClCompile Include="..\..\..\test\util\string\test_stringutil.cpp">
      <Filter>源文件\util\string</Filter>
    </ClCompile>
    <ClCompile Include="..\..\..\test\tree\rtree\test_rtree.cpp">
      <Filter>源文件\tree\rtree</Filter>
    </ClCompile>
  </ItemGroup>
</Project>